{
    "version": 3,
    "terraform_version": "0.10.4",
    "serial": 42,
    "lineage": "f6621a96-05ce-4faa-9cac-475617317e17",
    "modules": [
        {
            "path": [
                "root"
            ],
            "outputs": {},
            "resources": {
                "data.softlayer_ssh_key.public_key": {
                    "type": "softlayer_ssh_key",
                    "depends_on": [],
                    "primary": {
                        "id": "671353",
                        "attributes": {
                            "fingerprint": "2c:73:4b:28:ea:05:82:48:02:86:f8:e6:2f:73:92:33",
                            "id": "671353",
                            "label": "hk_key",
                            "most_recent": "false",
                            "notes": "Hans Kristian Moens public key",
                            "public_key": "ssh-rsa AAAAB3NzaC1yc2EAAAABIwAAAQEAmGOJtZF5FYrpmEBI9GBcbcr4577pZ90lLxZ7tpvfbPmgXQVGoolChAY165frlotd+o7WORtjPiUlRnr/+676xeYCZngLh46EJislXXvcmZrIn3eeQTRdOlIkiP3V4+LiR9WvpyvmMY9jJ05sTGgk39h9LKhBs+XgU7eZMXGYNU7jDiCZssslTvV1i7SensNqy5bziQbhFKsC7TFRld9leYPgCPtoiSeFIWoXSFbQQ0Lh1ayPpOPb0C2k4tYgDFNr927cObtShUOY1dGGBZygUVKQRro1LZzq39DhmvmMCawCnnQt6A8jz4PE69jP62gnlBsdXQDvEm/L/LBrO4CBbQ== hansmoen@oc3254063580.ibm.com"
                        },
                        "meta": {},
                        "tainted": false
                    },
                    "deposed": [],
                    "provider": ""
                },
                "softlayer_virtual_guest.icpmaster": {
                    "type": "softlayer_virtual_guest",
                    "depends_on": [
                        "data.softlayer_ssh_key.public_key"
                    ],
                    "primary": {
                        "id": "40219665",
                        "attributes": {
                            "cores": "8",
                            "datacenter": "ams03",
                            "dedicated_acct_host_only": "false",
                            "disks.#": "1",
                            "disks.0": "25",
                            "domain": "ibmcloud.private",
                            "hostname": "myicp-master1",
                            "hourly_billing": "true",
                            "id": "40219665",
                            "ip_address_id": "66526981",
                            "ip_address_id_private": "66527141",
                            "ipv4_address": "169.50.167.53",
                            "ipv4_address_private": "10.175.42.188",
                            "ipv6_enabled": "false",
                            "local_disk": "false",
                            "memory": "8192",
                            "network_speed": "1000",
                            "notes": "",
                            "os_reference_code": "UBUNTU_16_64",
                            "private_network_only": "false",
                            "private_subnet": "10.175.42.128/26",
                            "private_vlan_id": "1454817",
                            "public_subnet": "169.50.167.32/27",
                            "public_vlan_id": "1454815",
                            "secondary_ip_addresses.#": "0",
                            "ssh_key_ids.#": "1",
                            "ssh_key_ids.0": "671353",
                            "user_metadata": "{\"value\":\"newvalue\"}",
                            "wait_time_minutes": "90"
                        },
                        "meta": {},
                        "tainted": false
                    },
                    "deposed": [],
                    "provider": ""
                },
                "softlayer_virtual_guest.icpproxy": {
                    "type": "softlayer_virtual_guest",
                    "depends_on": [
                        "data.softlayer_ssh_key.public_key"
                    ],
                    "primary": {
                        "id": "40216327",
                        "attributes": {
                            "cores": "8",
                            "datacenter": "ams03",
                            "dedicated_acct_host_only": "false",
                            "disks.#": "1",
                            "disks.0": "25",
                            "domain": "ibmcloud.private",
                            "hostname": "myicp-proxy1",
                            "hourly_billing": "true",
                            "id": "40216327",
                            "ip_address_id": "66526967",
                            "ip_address_id_private": "66527109",
                            "ipv4_address": "169.50.167.46",
                            "ipv4_address_private": "10.175.42.172",
                            "ipv6_enabled": "false",
                            "local_disk": "true",
                            "memory": "8192",
                            "network_speed": "1000",
                            "notes": "",
                            "os_reference_code": "UBUNTU_16_64",
                            "private_network_only": "false",
                            "private_subnet": "10.175.42.128/26",
                            "private_vlan_id": "1454817",
                            "public_subnet": "169.50.167.32/27",
                            "public_vlan_id": "1454815",
                            "secondary_ip_addresses.#": "0",
                            "ssh_key_ids.#": "1",
                            "ssh_key_ids.0": "671353",
                            "user_metadata": "{\"value\":\"newvalue\"}",
                            "wait_time_minutes": "90"
                        },
                        "meta": {},
                        "tainted": false
                    },
                    "deposed": [],
                    "provider": ""
                },
                "softlayer_virtual_guest.icpworker.0": {
                    "type": "softlayer_virtual_guest",
                    "depends_on": [
                        "data.softlayer_ssh_key.public_key"
                    ],
                    "primary": {
                        "id": "40216323",
                        "attributes": {
                            "cores": "8",
                            "datacenter": "ams03",
                            "dedicated_acct_host_only": "false",
                            "disks.#": "1",
                            "disks.0": "25",
                            "domain": "ibmcloud.private",
                            "hostname": "myicp-worker1",
                            "hourly_billing": "true",
                            "id": "40216323",
                            "ip_address_id": "66526991",
                            "ip_address_id_private": "66527111",
                            "ipv4_address": "169.50.167.58",
                            "ipv4_address_private": "10.175.42.173",
                            "ipv6_enabled": "false",
                            "local_disk": "true",
                            "memory": "8192",
                            "network_speed": "1000",
                            "notes": "",
                            "os_reference_code": "UBUNTU_16_64",
                            "private_network_only": "false",
                            "private_subnet": "10.175.42.128/26",
                            "private_vlan_id": "1454817",
                            "public_subnet": "169.50.167.32/27",
                            "public_vlan_id": "1454815",
                            "secondary_ip_addresses.#": "0",
                            "ssh_key_ids.#": "1",
                            "ssh_key_ids.0": "671353",
                            "user_metadata": "{\"value\":\"newvalue\"}",
                            "wait_time_minutes": "90"
                        },
                        "meta": {},
                        "tainted": false
                    },
                    "deposed": [],
                    "provider": ""
                },
                "softlayer_virtual_guest.icpworker.1": {
                    "type": "softlayer_virtual_guest",
                    "depends_on": [
                        "data.softlayer_ssh_key.public_key"
                    ],
                    "primary": {
                        "id": "40216329",
                        "attributes": {
                            "cores": "8",
                            "datacenter": "ams03",
                            "dedicated_acct_host_only": "false",
                            "disks.#": "1",
                            "disks.0": "25",
                            "domain": "ibmcloud.private",
                            "hostname": "myicp-worker2",
                            "hourly_billing": "true",
                            "id": "40216329",
                            "ip_address_id": "100728933",
                            "ip_address_id_private": "100729035",
                            "ipv4_address": "159.8.221.25",
                            "ipv4_address_private": "10.137.91.36",
                            "ipv6_enabled": "false",
                            "local_disk": "true",
                            "memory": "8192",
                            "network_speed": "1000",
                            "notes": "",
                            "os_reference_code": "UBUNTU_16_64",
                            "private_network_only": "false",
                            "private_subnet": "10.137.91.0/26",
                            "private_vlan_id": "2142693",
                            "public_subnet": "159.8.221.16/28",
                            "public_vlan_id": "2142691",
                            "secondary_ip_addresses.#": "0",
                            "ssh_key_ids.#": "1",
                            "ssh_key_ids.0": "671353",
                            "user_metadata": "{\"value\":\"newvalue\"}",
                            "wait_time_minutes": "90"
                        },
                        "meta": {},
                        "tainted": false
                    },
                    "deposed": [],
                    "provider": ""
                }
            },
            "depends_on": []
        },
        {
            "path": [
                "root",
                "icpprovision"
            ],
            "outputs": {},
            "resources": {
                "null_resource.icp-boot": {
                    "type": "null_resource",
                    "depends_on": [
                        "null_resource.icp-cluster",
                        "tls_private_key.icpkey"
                    ],
                    "primary": {
                        "id": "5516840650337735424",
                        "attributes": {
                            "id": "5516840650337735424"
                        },
                        "meta": {},
                        "tainted": false
                    },
                    "deposed": [],
                    "provider": ""
                },
                "null_resource.icp-cluster.0": {
                    "type": "null_resource",
                    "depends_on": [
                        "local.icp-ips",
                        "tls_private_key.icpkey"
                    ],
                    "primary": {
                        "id": "3024961890037044150",
                        "attributes": {
                            "id": "3024961890037044150"
                        },
                        "meta": {},
                        "tainted": false
                    },
                    "deposed": [],
                    "provider": ""
                },
                "null_resource.icp-cluster.1": {
                    "type": "null_resource",
                    "depends_on": [
                        "local.icp-ips",
                        "tls_private_key.icpkey"
                    ],
                    "primary": {
                        "id": "1509825876578726723",
                        "attributes": {
                            "id": "1509825876578726723"
                        },
                        "meta": {},
                        "tainted": false
                    },
                    "deposed": [],
                    "provider": ""
                },
                "null_resource.icp-cluster.2": {
                    "type": "null_resource",
                    "depends_on": [
                        "local.icp-ips",
                        "tls_private_key.icpkey"
                    ],
                    "primary": {
                        "id": "2339691810671387524",
                        "attributes": {
                            "id": "2339691810671387524"
                        },
                        "meta": {},
                        "tainted": false
                    },
                    "deposed": [],
                    "provider": ""
                },
                "null_resource.icp-cluster.3": {
                    "type": "null_resource",
                    "depends_on": [
                        "local.icp-ips",
                        "tls_private_key.icpkey"
                    ],
                    "primary": {
                        "id": "5714353811464397117",
                        "attributes": {
                            "id": "5714353811464397117"
                        },
                        "meta": {},
                        "tainted": false
                    },
                    "deposed": [],
                    "provider": ""
                },
                "null_resource.icp-worker-scaler": {
                    "type": "null_resource",
                    "depends_on": [
                        "null_resource.icp-boot",
                        "null_resource.icp-cluster"
                    ],
                    "primary": {
                        "id": "5369749831363654670",
                        "attributes": {
                            "id": "5369749831363654670",
                            "triggers.%": "1",
                            "triggers.workers": "169.50.167.58,159.8.221.25"
                        },
                        "meta": {},
                        "tainted": false
                    },
                    "deposed": [],
                    "provider": ""
                },
                "tls_private_key.icpkey": {
                    "type": "tls_private_key",
                    "depends_on": [],
                    "primary": {
                        "id": "0ecf86e5a86679bf35bc56f122000502574c2f38",
                        "attributes": {
                            "algorithm": "RSA",
                            "ecdsa_curve": "P224",
                            "id": "0ecf86e5a86679bf35bc56f122000502574c2f38",
                            "private_key_pem": "-----BEGIN RSA PRIVATE KEY-----\nMIIEowIBAAKCAQEAv5u/AOT8+7EXD1svx7k7SF4SSjl93vkYCHp/sycVjWr8um4M\nIt+xz6eFd3W3P/hdKCJ/qrcbNSnKhkzTgYdEwNKt5o4cBYokm5FrCqBQZ+MNPUqs\nUikRvh8kje+2s8NU+VxTOjK36drvXmtH2iE5GA6ovq+E36a2IfNQsY/Edd/2Ucq8\n46GB5O3Ov/IKnH6+sbfhUzrpYFpnOrQGDNALNKlM7IS3V71+jTiCYhRq/FWk644V\nh/x4h+lhRwr6tuej3+J+bYdnDTPmoM3tsicKActqg5vopnCSrYDcbCGKKxCtKjDz\nMto9HsHOkI+OrtMDjNTrUi9pX+1bc5OXyRJzsQIDAQABAoIBAH6FjkM98ZsVHcAD\nG3LLakzn6TXf7rCsVOVMVkRrO30NN2K3RgZFJbmTybrPHTj9fC4DUb/ddvbM6LFz\ny3nNY2Xb9/60ueYiiPe8tyzmHRHsSJK/WzhJbDDZiZ67ui3LfrHF+CMG2JBwA/2Z\n43Ey3Ot4yo5XgerYv419iDwnTbfzDcok9Cnf89WlwqiQ+4iJqwF9SREFFratGRrF\n1DBNTHiKkWF5pWPlwDcJu76qemmdoL+wCj3y8dQkOarCyogAKd3j2rD5M/oVZwTr\nLOajUmjkFvhaAAI3klmEuDYz+vrJUTeCEfB7xLXXnTifMs0UNwgrNzSpOkzBB3CV\n3cIq2U0CgYEA3iq3NjckI7Hzy3l6q7L2KzwUG03EkkCfabqDDsV//RVQpmTkeke7\n1pviud/pa/1t5LqabkyUHpig8eXh2Y4xPh0Ec4HfZyU7uQYNzwXCI2OTBpT/leF7\nT6tiuOeB0LNnOpu+vthzMYW+dfkuPacXaTwcgrUjCR+JfV6rurFBXw8CgYEA3Mmx\neOWxhCT+kOfspeWjym1HeWNcTRqt+J8AGlP7Lb4ZPbXElEYZMBY8vNWi9AoUZ+dz\ndJsfMBMz1oBW4SWe0wv0+WY9uCE5jq82KXDmKd8zZ38hWjpMLVg4PX6BiSrf++Cp\nAqoNeaelf+3VwHrBuY89z3U3NiNZJCqt732TAT8CgYBNOfH3wZEpa0lAmJigqJPT\nkY23s/+5iwce3HuEHfkQg2FGhdm5+8d6oTNdw0zDghO6J3dZEfuG6y0/CNbKJhhN\n7A5JDIMYuqOY/Fa+eNT0Mj/AUPjLI9cWaY/mkGranhIrGEpk0p6wPzpmjdiaC8Qi\ni4epk8d6+2BymP7+5XDA1wKBgQDY7xACcuWFqne51zdNFaJmfhMRMVB6rfEr7MZE\nGCofGr5gRN2+tlV/SwoonFx9Hf5IzUBC3Tu6l9OCOh2jILy6LvBnsE6KQZL1IDC+\nbSCpGZa/ZUlXBxrcHuc7fLY4GTl0mZxWctHEq7VQSlaQxczczuJzmX9DIV4vzAOU\n4bR0LwKBgCkNWF+YjHZmHzKyGgqub+9ASa0FGp/hsgGMg5fDeRSkNsjkkFSCc407\nywQ7YBWoTclxpen2prsOznoVts3EIHzyU+mWOwQiE1sO1W0Tt4JXaGfqP6mqklpp\nCavQicZsQSJDvrgqKcQdUJ5PejJXkdNU5sTE9p531d5keeqcG3eg\n-----END RSA PRIVATE KEY-----\n",
                            "public_key_openssh": "ssh-rsa AAAAB3NzaC1yc2EAAAADAQABAAABAQC/m78A5Pz7sRcPWy/HuTtIXhJKOX3e+RgIen+zJxWNavy6bgwi37HPp4V3dbc/+F0oIn+qtxs1KcqGTNOBh0TA0q3mjhwFiiSbkWsKoFBn4w09SqxSKRG+HySN77azw1T5XFM6Mrfp2u9ea0faITkYDqi+r4TfprYh81Cxj8R13/ZRyrzjoYHk7c6/8gqcfr6xt+FTOulgWmc6tAYM0As0qUzshLdXvX6NOIJiFGr8VaTrjhWH/HiH6WFHCvq256Pf4n5th2cNM+agze2yJwoBy2qDm+imcJKtgNxsIYorEK0qMPMy2j0ewc6Qj46u0wOM1OtSL2lf7Vtzk5fJEnOx\n",
                            "public_key_pem": "-----BEGIN PUBLIC KEY-----\nMIIBIjANBgkqhkiG9w0BAQEFAAOCAQ8AMIIBCgKCAQEAv5u/AOT8+7EXD1svx7k7\nSF4SSjl93vkYCHp/sycVjWr8um4MIt+xz6eFd3W3P/hdKCJ/qrcbNSnKhkzTgYdE\nwNKt5o4cBYokm5FrCqBQZ+MNPUqsUikRvh8kje+2s8NU+VxTOjK36drvXmtH2iE5\nGA6ovq+E36a2IfNQsY/Edd/2Ucq846GB5O3Ov/IKnH6+sbfhUzrpYFpnOrQGDNAL\nNKlM7IS3V71+jTiCYhRq/FWk644Vh/x4h+lhRwr6tuej3+J+bYdnDTPmoM3tsicK\nActqg5vopnCSrYDcbCGKKxCtKjDzMto9HsHOkI+OrtMDjNTrUi9pX+1bc5OXyRJz\nsQIDAQAB\n-----END PUBLIC KEY-----\n",
                            "rsa_bits": "2048"
                        },
                        "meta": {},
                        "tainted": false
                    },
                    "deposed": [],
                    "provider": ""
                }
            },
            "depends_on": []
        }
    ]
}
